
Microsoft Visual Studio Solution File, Format Version 12.00
# Visual Studio 14
VisualStudioVersion = 14.0.24720.0
MinimumVisualStudioVersion = 10.0.40219.1
Project("{FAE04EC0-301F-11D3-BF4B-00C04F79EFBC}") = "GP.Tests", "GP.Tests\GP.Tests.csproj", "{7C1D22D5-08E1-43DC-9EB0-75C60FF6C5A4}"
	ProjectSection(ProjectDependencies) = postProject
		{1408A8B1-76F4-45BE-A9F2-41F1ACDE696F} = {1408A8B1-76F4-45BE-A9F2-41F1ACDE696F}
	EndProjectSection
EndProject
Project("{FAE04EC0-301F-11D3-BF4B-00C04F79EFBC}") = "GP.DAL.Folketinget", "GP.DAL.Folketinget\GP.DAL.Folketinget.csproj", "{09A4B019-2389-45FD-BC35-F3F575804E61}"
EndProject
Project("{FAE04EC0-301F-11D3-BF4B-00C04F79EFBC}") = "GP.BLL", "GP.BLL\GP.BLL.csproj", "{0A7E9A23-C2F5-42DB-AC3E-52AE214CA117}"
EndProject
Project("{FAE04EC0-301F-11D3-BF4B-00C04F79EFBC}") = "GP.IoC", "GP.IoC\GP.IoC.csproj", "{C4177284-F49A-41FA-9398-5671E5C42CEE}"
EndProject
Project("{FAE04EC0-301F-11D3-BF4B-00C04F79EFBC}") = "GP.Website.UI", "GP.Website.UI\GP.Website.UI.csproj", "{F39F7EAF-12EB-45ED-869D-6D2E45C8857A}"
EndProject
Project("{FAE04EC0-301F-11D3-BF4B-00C04F79EFBC}") = "GP.Website", "GP.Website\GP.Website.csproj", "{1408A8B1-76F4-45BE-A9F2-41F1ACDE696F}"
EndProject
Project("{FAE04EC0-301F-11D3-BF4B-00C04F79EFBC}") = "GP.Stub", "GP.Stub\GP.Stub.csproj", "{8411CE48-A903-47F2-AF97-BB3F32742938}"
EndProject
Global
	GlobalSection(SolutionConfigurationPlatforms) = preSolution
		Debug|Any CPU = Debug|Any CPU
		Release|Any CPU = Release|Any CPU
	EndGlobalSection
	GlobalSection(ProjectConfigurationPlatforms) = postSolution
		{7C1D22D5-08E1-43DC-9EB0-75C60FF6C5A4}.Debug|Any CPU.ActiveCfg = Debug|Any CPU
		{7C1D22D5-08E1-43DC-9EB0-75C60FF6C5A4}.Debug|Any CPU.Build.0 = Debug|Any CPU
		{7C1D22D5-08E1-43DC-9EB0-75C60FF6C5A4}.Release|Any CPU.ActiveCfg = Release|Any CPU
		{7C1D22D5-08E1-43DC-9EB0-75C60FF6C5A4}.Release|Any CPU.Build.0 = Release|Any CPU
		{09A4B019-2389-45FD-BC35-F3F575804E61}.Debug|Any CPU.ActiveCfg = Debug|Any CPU
		{09A4B019-2389-45FD-BC35-F3F575804E61}.Debug|Any CPU.Build.0 = Debug|Any CPU
		{09A4B019-2389-45FD-BC35-F3F575804E61}.Release|Any CPU.ActiveCfg = Release|Any CPU
		{09A4B019-2389-45FD-BC35-F3F575804E61}.Release|Any CPU.Build.0 = Release|Any CPU
		{0A7E9A23-C2F5-42DB-AC3E-52AE214CA117}.Debug|Any CPU.ActiveCfg = Debug|Any CPU
		{0A7E9A23-C2F5-42DB-AC3E-52AE214CA117}.Debug|Any CPU.Build.0 = Debug|Any CPU
		{0A7E9A23-C2F5-42DB-AC3E-52AE214CA117}.Release|Any CPU.ActiveCfg = Release|Any CPU
		{0A7E9A23-C2F5-42DB-AC3E-52AE214CA117}.Release|Any CPU.Build.0 = Release|Any CPU
		{C4177284-F49A-41FA-9398-5671E5C42CEE}.Debug|Any CPU.ActiveCfg = Debug|Any CPU
		{C4177284-F49A-41FA-9398-5671E5C42CEE}.Debug|Any CPU.Build.0 = Debug|Any CPU
		{C4177284-F49A-41FA-9398-5671E5C42CEE}.Release|Any CPU.ActiveCfg = Release|Any CPU
		{C4177284-F49A-41FA-9398-5671E5C42CEE}.Release|Any CPU.Build.0 = Release|Any CPU
		{F39F7EAF-12EB-45ED-869D-6D2E45C8857A}.Debug|Any CPU.ActiveCfg = Debug|Any CPU
		{F39F7EAF-12EB-45ED-869D-6D2E45C8857A}.Debug|Any CPU.Build.0 = Debug|Any CPU
		{F39F7EAF-12EB-45ED-869D-6D2E45C8857A}.Release|Any CPU.ActiveCfg = Release|Any CPU
		{F39F7EAF-12EB-45ED-869D-6D2E45C8857A}.Release|Any CPU.Build.0 = Release|Any CPU
		{1408A8B1-76F4-45BE-A9F2-41F1ACDE696F}.Debug|Any CPU.ActiveCfg = Debug|Any CPU
		{1408A8B1-76F4-45BE-A9F2-41F1ACDE696F}.Debug|Any CPU.Build.0 = Debug|Any CPU
		{1408A8B1-76F4-45BE-A9F2-41F1ACDE696F}.Release|Any CPU.ActiveCfg = Release|Any CPU
		{1408A8B1-76F4-45BE-A9F2-41F1ACDE696F}.Release|Any CPU.Build.0 = Release|Any CPU
		{8411CE48-A903-47F2-AF97-BB3F32742938}.Debug|Any CPU.ActiveCfg = Debug|Any CPU
		{8411CE48-A903-47F2-AF97-BB3F32742938}.Debug|Any CPU.Build.0 = Debug|Any CPU
		{8411CE48-A903-47F2-AF97-BB3F32742938}.Release|Any CPU.ActiveCfg = Release|Any CPU
		{8411CE48-A903-47F2-AF97-BB3F32742938}.Release|Any CPU.Build.0 = Release|Any CPU
	EndGlobalSection
	GlobalSection(SolutionProperties) = preSolution
		HideSolutionNode = FALSE
	EndGlobalSection
EndGlobal
